
Microsoft Visual Studio Solution File, Format Version 12.00
# Visual Studio Version 17
VisualStudioVersion = 17.10.35027.167
MinimumVisualStudioVersion = 10.0.40219.1
Project("{FAE04EC0-301F-11D3-BF4B-00C04F79EFBC}") = "EmployeeManagement", "EmployeeManagement.csproj", "{955D56A1-5F32-4BCF-B583-69AE81C8AF91}"
EndProject
Global
	GlobalSection(SolutionConfigurationPlatforms) = preSolution
		Debug|Any CPU = Debug|Any CPU
		Release|Any CPU = Release|Any CPU
	EndGlobalSection
	GlobalSection(ProjectConfigurationPlatforms) = postSolution
		{955D56A1-5F32-4BCF-B583-69AE81C8AF91}.Debug|Any CPU.ActiveCfg = Debug|Any CPU
		{955D56A1-5F32-4BCF-B583-69AE81C8AF91}.Debug|Any CPU.Build.0 = Debug|Any CPU
		{955D56A1-5F32-4BCF-B583-69AE81C8AF91}.Release|Any CPU.ActiveCfg = Release|Any CPU
		{955D56A1-5F32-4BCF-B583-69AE81C8AF91}.Release|Any CPU.Build.0 = Release|Any CPU
	EndGlobalSection
	GlobalSection(SolutionProperties) = preSolution
		HideSolutionNode = FALSE
	EndGlobalSection
	GlobalSection(ExtensibilityGlobals) = postSolution
		SolutionGuid = {48D90676-E1ED-49C8-BD56-7BFC85AA6CD0}
	EndGlobalSection
EndGlobal
