
Microsoft Visual Studio Solution File, Format Version 12.00
# Visual Studio Version 17
VisualStudioVersion = 17.10.35027.167
MinimumVisualStudioVersion = 10.0.40219.1
Project("{FAE04EC0-301F-11D3-BF4B-00C04F79EFBC}") = "PracticeAPI", "PracticeAPI\PracticeAPI.csproj", "{90CD6943-E212-4BE3-A55A-A660D069E8F6}"
EndProject
Global
	GlobalSection(SolutionConfigurationPlatforms) = preSolution
		Debug|Any CPU = Debug|Any CPU
		Release|Any CPU = Release|Any CPU
	EndGlobalSection
	GlobalSection(ProjectConfigurationPlatforms) = postSolution
		{90CD6943-E212-4BE3-A55A-A660D069E8F6}.Debug|Any CPU.ActiveCfg = Debug|Any CPU
		{90CD6943-E212-4BE3-A55A-A660D069E8F6}.Debug|Any CPU.Build.0 = Debug|Any CPU
		{90CD6943-E212-4BE3-A55A-A660D069E8F6}.Release|Any CPU.ActiveCfg = Release|Any CPU
		{90CD6943-E212-4BE3-A55A-A660D069E8F6}.Release|Any CPU.Build.0 = Release|Any CPU
	EndGlobalSection
	GlobalSection(SolutionProperties) = preSolution
		HideSolutionNode = FALSE
	EndGlobalSection
	GlobalSection(ExtensibilityGlobals) = postSolution
		SolutionGuid = {11165012-DC8A-4196-AA6B-000F40E3A21C}
	EndGlobalSection
EndGlobal
